{
  "name": "Admin3",
  "lockfileVersion": 3,
  "requires": true,
  "packages": {
    "": {
      "dependencies": {
        "@fontsource/dm-sans": "^5.2.6",
        "@fontsource/inter": "^5.2.6"
      }
    },
    "node_modules/@fontsource/dm-sans": {
      "version": "5.2.6",
      "resolved": "https://registry.npmjs.org/@fontsource/dm-sans/-/dm-sans-5.2.6.tgz",
      "integrity": "sha512-3AmJcX93hqmevsC2ixNwHj3iO3sNY/YHBqGhg0MjIyfhk6aZLNv1s2HqJ6xf8yf1rXXK3yR56rzyA3O21htKkg==",
      "license": "OFL-1.1",
      "funding": {
        "url": "https://github.com/sponsors/ayuhito"
      }
    },
    "node_modules/@fontsource/inter": {
      "version": "5.2.6",
      "resolved": "https://registry.npmjs.org/@fontsource/inter/-/inter-5.2.6.tgz",
      "integrity": "sha512-CZs9S1CrjD0jPwsNy9W6j0BhsmRSQrgwlTNkgQXTsAeDRM42LBRLo3eo9gCzfH4GvV7zpyf78Ozfl773826csw==",
      "license": "OFL-1.1",
      "funding": {
        "url": "https://github.com/sponsors/ayuhito"
      }
    }
  }
}
